// !$*UTF8*$!
{
	archiveVersion = 1;
	classes = {
	};
	objectVersion = 56;
	objects = {

/* Begin PBXBuildFile section */
		3D4CBB1029F843E800E8FCD1 /* braindumpApp.swift in Sources */ = {isa = PBXBuildFile; fileRef = 3D4CBB0F29F843E800E8FCD1 /* braindumpApp.swift */; };
		3D4CBB1229F843E800E8FCD1 /* ContentView.swift in Sources */ = {isa = PBXBuildFile; fileRef = 3D4CBB1129F843E800E8FCD1 /* ContentView.swift */; };
		3D4CBB1429F843E900E8FCD1 /* Assets.xcassets in Resources */ = {isa = PBXBuildFile; fileRef = 3D4CBB1329F843E900E8FCD1 /* Assets.xcassets */; };
		3D4CBB1729F843E900E8FCD1 /* Preview Assets.xcassets in Resources */ = {isa = PBXBuildFile; fileRef = 3D4CBB1629F843E900E8FCD1 /* Preview Assets.xcassets */; };
		3D4CBB1929F843E900E8FCD1 /* Persistence.swift in Sources */ = {isa = PBXBuildFile; fileRef = 3D4CBB1829F843E900E8FCD1 /* Persistence.swift */; };
		3D4CBB1C29F843E900E8FCD1 /* braindump.xcdatamodeld in Sources */ = {isa = PBXBuildFile; fileRef = 3D4CBB1A29F843E900E8FCD1 /* braindump.xcdatamodeld */; };
		3D4CBB2729F843E900E8FCD1 /* braindumpTests.swift in Sources */ = {isa = PBXBuildFile; fileRef = 3D4CBB2629F843E900E8FCD1 /* braindumpTests.swift */; };
		3D4CBB3129F843E900E8FCD1 /* braindumpUITests.swift in Sources */ = {isa = PBXBuildFile; fileRef = 3D4CBB3029F843E900E8FCD1 /* braindumpUITests.swift */; };
		3D4CBB3329F843E900E8FCD1 /* braindumpUITestsLaunchTests.swift in Sources */ = {isa = PBXBuildFile; fileRef = 3D4CBB3229F843E900E8FCD1 /* braindumpUITestsLaunchTests.swift */; };
/* End PBXBuildFile section */

/* Begin PBXContainerItemProxy section */
		3D4CBB2329F843E900E8FCD1 /* PBXContainerItemProxy */ = {
			isa = PBXContainerItemProxy;
			containerPortal = 3D4CBB0429F843E800E8FCD1 /* Project object */;
			proxyType = 1;
			remoteGlobalIDString = 3D4CBB0B29F843E800E8FCD1;
			remoteInfo = braindump;
		};
		3D4CBB2D29F843E900E8FCD1 /* PBXContainerItemProxy */ = {
			isa = PBXContainerItemProxy;
			containerPortal = 3D4CBB0429F843E800E8FCD1 /* Project object */;
			proxyType = 1;
			remoteGlobalIDString = 3D4CBB0B29F843E800E8FCD1;
			remoteInfo = braindump;
		};
/* End PBXContainerItemProxy section */

/* Begin PBXFileReference section */
		3D4CBB0C29F843E800E8FCD1 /* braindump.app */ = {isa = PBXFileReference; explicitFileType = wrapper.application; includeInIndex = 0; path = braindump.app; sourceTree = BUILT_PRODUCTS_DIR; };
		3D4CBB0F29F843E800E8FCD1 /* braindumpApp.swift */ = {isa = PBXFileReference; lastKnownFileType = sourcecode.swift; path = braindumpApp.swift; sourceTree = "<group>"; };
		3D4CBB1129F843E800E8FCD1 /* ContentView.swift */ = {isa = PBXFileReference; lastKnownFileType = sourcecode.swift; path = ContentView.swift; sourceTree = "<group>"; };
		3D4CBB1329F843E900E8FCD1 /* Assets.xcassets */ = {isa = PBXFileReference; lastKnownFileType = folder.assetcatalog; path = Assets.xcassets; sourceTree = "<group>"; };
		3D4CBB1629F843E900E8FCD1 /* Preview Assets.xcassets */ = {isa = PBXFileReference; lastKnownFileType = folder.assetcatalog; path = "Preview Assets.xcassets"; sourceTree = "<group>"; };
		3D4CBB1829F843E900E8FCD1 /* Persistence.swift */ = {isa = PBXFileReference; lastKnownFileType = sourcecode.swift; path = Persistence.swift; sourceTree = "<group>"; };
		3D4CBB1B29F843E900E8FCD1 /* braindump.xcdatamodel */ = {isa = PBXFileReference; lastKnownFileType = wrapper.xcdatamodel; path = braindump.xcdatamodel; sourceTree = "<group>"; };
		3D4CBB1D29F843E900E8FCD1 /* Info.plist */ = {isa = PBXFileReference; lastKnownFileType = text.plist.xml; path = Info.plist; sourceTree = "<group>"; };
		3D4CBB2229F843E900E8FCD1 /* braindumpTests.xctest */ = {isa = PBXFileReference; explicitFileType = wrapper.cfbundle; includeInIndex = 0; path = braindumpTests.xctest; sourceTree = BUILT_PRODUCTS_DIR; };
		3D4CBB2629F843E900E8FCD1 /* braindumpTests.swift */ = {isa = PBXFileReference; lastKnownFileType = sourcecode.swift; path = braindumpTests.swift; sourceTree = "<group>"; };
		3D4CBB2C29F843E900E8FCD1 /* braindumpUITests.xctest */ = {isa = PBXFileReference; explicitFileType = wrapper.cfbundle; includeInIndex = 0; path = braindumpUITests.xctest; sourceTree = BUILT_PRODUCTS_DIR; };
		3D4CBB3029F843E900E8FCD1 /* braindumpUITests.swift */ = {isa = PBXFileReference; lastKnownFileType = sourcecode.swift; path = braindumpUITests.swift; sourceTree = "<group>"; };
		3D4CBB3229F843E900E8FCD1 /* braindumpUITestsLaunchTests.swift */ = {isa = PBXFileReference; lastKnownFileType = sourcecode.swift; path = braindumpUITestsLaunchTests.swift; sourceTree = "<group>"; };
/* End PBXFileReference section */

/* Begin PBXFrameworksBuildPhase section */
		3D4CBB0929F843E800E8FCD1 /* Frameworks */ = {
			isa = PBXFrameworksBuildPhase;
			buildActionMask = 2147483647;
			files = (
			);
			runOnlyForDeploymentPostprocessing = 0;
		};
		3D4CBB1F29F843E900E8FCD1 /* Frameworks */ = {
			isa = PBXFrameworksBuildPhase;
			buildActionMask = 2147483647;
			files = (
			);
			runOnlyForDeploymentPostprocessing = 0;
		};
		3D4CBB2929F843E900E8FCD1 /* Frameworks */ = {
			isa = PBXFrameworksBuildPhase;
			buildActionMask = 2147483647;
			files = (
			);
			runOnlyForDeploymentPostprocessing = 0;
		};
/* End PBXFrameworksBuildPhase section */

/* Begin PBXGroup section */
		3D4CBB0329F843E800E8FCD1 = {
			isa = PBXGroup;
			children = (
				3D4CBB0E29F843E800E8FCD1 /* braindump */,
				3D4CBB2529F843E900E8FCD1 /* braindumpTests */,
				3D4CBB2F29F843E900E8FCD1 /* braindumpUITests */,
				3D4CBB0D29F843E800E8FCD1 /* Products */,
			);
			sourceTree = "<group>";
		};
		3D4CBB0D29F843E800E8FCD1 /* Products */ = {
			isa = PBXGroup;
			children = (
				3D4CBB0C29F843E800E8FCD1 /* braindump.app */,
				3D4CBB2229F843E900E8FCD1 /* braindumpTests.xctest */,
				3D4CBB2C29F843E900E8FCD1 /* braindumpUITests.xctest */,
			);
			name = Products;
			sourceTree = "<group>";
		};
		3D4CBB0E29F843E800E8FCD1 /* braindump */ = {
			isa = PBXGroup;
			children = (
				3D4CBB0F29F843E800E8FCD1 /* braindumpApp.swift */,
				3D4CBB1129F843E800E8FCD1 /* ContentView.swift */,
				3D4CBB1329F843E900E8FCD1 /* Assets.xcassets */,
				3D4CBB1829F843E900E8FCD1 /* Persistence.swift */,
				3D4CBB1D29F843E900E8FCD1 /* Info.plist */,
				3D4CBB1A29F843E900E8FCD1 /* braindump.xcdatamodeld */,
				3D4CBB1529F843E900E8FCD1 /* Preview Content */,
			);
			path = braindump;
			sourceTree = "<group>";
		};
		3D4CBB1529F843E900E8FCD1 /* Preview Content */ = {
			isa = PBXGroup;
			children = (
				3D4CBB1629F843E900E8FCD1 /* Preview Assets.xcassets */,
			);
			path = "Preview Content";
			sourceTree = "<group>";
		};
		3D4CBB2529F843E900E8FCD1 /* braindumpTests */ = {
			isa = PBXGroup;
			children = (
				3D4CBB2629F843E900E8FCD1 /* braindumpTests.swift */,
			);
			path = braindumpTests;
			sourceTree = "<group>";
		};
		3D4CBB2F29F843E900E8FCD1 /* braindumpUITests */ = {
			isa = PBXGroup;
			children = (
				3D4CBB3029F843E900E8FCD1 /* braindumpUITests.swift */,
				3D4CBB3229F843E900E8FCD1 /* braindumpUITestsLaunchTests.swift */,
			);
			path = braindumpUITests;
			sourceTree = "<group>";
		};
/* End PBXGroup section */

/* Begin PBXNativeTarget section */
		3D4CBB0B29F843E800E8FCD1 /* braindump */ = {
			isa = PBXNativeTarget;
			buildConfigurationList = 3D4CBB3629F843E900E8FCD1 /* Build configuration list for PBXNativeTarget "braindump" */;
			buildPhases = (
				3D4CBB0829F843E800E8FCD1 /* Sources */,
				3D4CBB0929F843E800E8FCD1 /* Frameworks */,
				3D4CBB0A29F843E800E8FCD1 /* Resources */,
			);
			buildRules = (
			);
			dependencies = (
			);
			name = braindump;
			productName = braindump;
			productReference = 3D4CBB0C29F843E800E8FCD1 /* braindump.app */;
			productType = "com.apple.product-type.application";
		};
		3D4CBB2129F843E900E8FCD1 /* braindumpTests */ = {
			isa = PBXNativeTarget;
			buildConfigurationList = 3D4CBB3929F843E900E8FCD1 /* Build configuration list for PBXNativeTarget "braindumpTests" */;
			buildPhases = (
				3D4CBB1E29F843E900E8FCD1 /* Sources */,
				3D4CBB1F29F843E900E8FCD1 /* Frameworks */,
				3D4CBB2029F843E900E8FCD1 /* Resources */,
			);
			buildRules = (
			);
			dependencies = (
				3D4CBB2429F843E900E8FCD1 /* PBXTargetDependency */,
			);
			name = braindumpTests;
			productName = braindumpTests;
			productReference = 3D4CBB2229F843E900E8FCD1 /* braindumpTests.xctest */;
			productType = "com.apple.product-type.bundle.unit-test";
		};
		3D4CBB2B29F843E900E8FCD1 /* braindumpUITests */ = {
			isa = PBXNativeTarget;
			buildConfigurationList = 3D4CBB3C29F843E900E8FCD1 /* Build configuration list for PBXNativeTarget "braindumpUITests" */;
			buildPhases = (
				3D4CBB2829F843E900E8FCD1 /* Sources */,
				3D4CBB2929F843E900E8FCD1 /* Frameworks */,
				3D4CBB2A29F843E900E8FCD1 /* Resources */,
			);
			buildRules = (
			);
			dependencies = (
				3D4CBB2E29F843E900E8FCD1 /* PBXTargetDependency */,
			);
			name = braindumpUITests;
			productName = braindumpUITests;
			productReference = 3D4CBB2C29F843E900E8FCD1 /* braindumpUITests.xctest */;
			productType = "com.apple.product-type.bundle.ui-testing";
		};
/* End PBXNativeTarget section */

/* Begin PBXProject section */
		3D4CBB0429F843E800E8FCD1 /* Project object */ = {
			isa = PBXProject;
			attributes = {
				BuildIndependentTargetsInParallel = 1;
				LastSwiftUpdateCheck = 1430;
				LastUpgradeCheck = 1430;
				TargetAttributes = {
					3D4CBB0B29F843E800E8FCD1 = {
						CreatedOnToolsVersion = 14.3;
					};
					3D4CBB2129F843E900E8FCD1 = {
						CreatedOnToolsVersion = 14.3;
						TestTargetID = 3D4CBB0B29F843E800E8FCD1;
					};
					3D4CBB2B29F843E900E8FCD1 = {
						CreatedOnToolsVersion = 14.3;
						TestTargetID = 3D4CBB0B29F843E800E8FCD1;
					};
				};
			};
			buildConfigurationList = 3D4CBB0729F843E800E8FCD1 /* Build configuration list for PBXProject "braindump" */;
			compatibilityVersion = "Xcode 14.0";
			developmentRegion = en;
			hasScannedForEncodings = 0;
			knownRegions = (
				en,
				Base,
			);
			mainGroup = 3D4CBB0329F843E800E8FCD1;
			productRefGroup = 3D4CBB0D29F843E800E8FCD1 /* Products */;
			projectDirPath = "";
			projectRoot = "";
			targets = (
				3D4CBB0B29F843E800E8FCD1 /* braindump */,
				3D4CBB2129F843E900E8FCD1 /* braindumpTests */,
				3D4CBB2B29F843E900E8FCD1 /* braindumpUITests */,
			);
		};
/* End PBXProject section */

/* Begin PBXResourcesBuildPhase section */
		3D4CBB0A29F843E800E8FCD1 /* Resources */ = {
			isa = PBXResourcesBuildPhase;
			buildActionMask = 2147483647;
			files = (
				3D4CBB1729F843E900E8FCD1 /* Preview Assets.xcassets in Resources */,
				3D4CBB1429F843E900E8FCD1 /* Assets.xcassets in Resources */,
			);
			runOnlyForDeploymentPostprocessing = 0;
		};
		3D4CBB2029F843E900E8FCD1 /* Resources */ = {
			isa = PBXResourcesBuildPhase;
			buildActionMask = 2147483647;
			files = (
			);
			runOnlyForDeploymentPostprocessing = 0;
		};
		3D4CBB2A29F843E900E8FCD1 /* Resources */ = {
			isa = PBXResourcesBuildPhase;
			buildActionMask = 2147483647;
			files = (
			);
			runOnlyForDeploymentPostprocessing = 0;
		};
/* End PBXResourcesBuildPhase section */

/* Begin PBXSourcesBuildPhase section */
		3D4CBB0829F843E800E8FCD1 /* Sources */ = {
			isa = PBXSourcesBuildPhase;
			buildActionMask = 2147483647;
			files = (
				3D4CBB1C29F843E900E8FCD1 /* braindump.xcdatamodeld in Sources */,
				3D4CBB1929F843E900E8FCD1 /* Persistence.swift in Sources */,
				3D4CBB1229F843E800E8FCD1 /* ContentView.swift in Sources */,
				3D4CBB1029F843E800E8FCD1 /* braindumpApp.swift in Sources */,
			);
			runOnlyForDeploymentPostprocessing = 0;
		};
		3D4CBB1E29F843E900E8FCD1 /* Sources */ = {
			isa = PBXSourcesBuildPhase;
			buildActionMask = 2147483647;
			files = (
				3D4CBB2729F843E900E8FCD1 /* braindumpTests.swift in Sources */,
			);
			runOnlyForDeploymentPostprocessing = 0;
		};
		3D4CBB2829F843E900E8FCD1 /* Sources */ = {
			isa = PBXSourcesBuildPhase;
			buildActionMask = 2147483647;
			files = (
				3D4CBB3129F843E900E8FCD1 /* braindumpUITests.swift in Sources */,
				3D4CBB3329F843E900E8FCD1 /* braindumpUITestsLaunchTests.swift in Sources */,
			);
			runOnlyForDeploymentPostprocessing = 0;
		};
/* End PBXSourcesBuildPhase section */

/* Begin PBXTargetDependency section */
		3D4CBB2429F843E900E8FCD1 /* PBXTargetDependency */ = {
			isa = PBXTargetDependency;
			target = 3D4CBB0B29F843E800E8FCD1 /* braindump */;
			targetProxy = 3D4CBB2329F843E900E8FCD1 /* PBXContainerItemProxy */;
		};
		3D4CBB2E29F843E900E8FCD1 /* PBXTargetDependency */ = {
			isa = PBXTargetDependency;
			target = 3D4CBB0B29F843E800E8FCD1 /* braindump */;
			targetProxy = 3D4CBB2D29F843E900E8FCD1 /* PBXContainerItemProxy */;
		};
/* End PBXTargetDependency section */

/* Begin XCBuildConfiguration section */
		3D4CBB3429F843E900E8FCD1 /* Debug */ = {
			isa = XCBuildConfiguration;
			buildSettings = {
				ALWAYS_SEARCH_USER_PATHS = NO;
				CLANG_ANALYZER_NONNULL = YES;
				CLANG_ANALYZER_NUMBER_OBJECT_CONVERSION = YES_AGGRESSIVE;
				CLANG_CXX_LANGUAGE_STANDARD = "gnu++20";
				CLANG_ENABLE_MODULES = YES;
				CLANG_ENABLE_OBJC_ARC = YES;
				CLANG_ENABLE_OBJC_WEAK = YES;
				CLANG_WARN_BLOCK_CAPTURE_AUTORELEASING = YES;
				CLANG_WARN_BOOL_CONVERSION = YES;
				CLANG_WARN_COMMA = YES;
				CLANG_WARN_CONSTANT_CONVERSION = YES;
				CLANG_WARN_DEPRECATED_OBJC_IMPLEMENTATIONS = YES;
				CLANG_WARN_DIRECT_OBJC_ISA_USAGE = YES_ERROR;
				CLANG_WARN_DOCUMENTATION_COMMENTS = YES;
				CLANG_WARN_EMPTY_BODY = YES;
				CLANG_WARN_ENUM_CONVERSION = YES;
				CLANG_WARN_INFINITE_RECURSION = YES;
				CLANG_WARN_INT_CONVERSION = YES;
				CLANG_WARN_NON_LITERAL_NULL_CONVERSION = YES;
				CLANG_WARN_OBJC_IMPLICIT_RETAIN_SELF = YES;
				CLANG_WARN_OBJC_LITERAL_CONVERSION = YES;
				CLANG_WARN_OBJC_ROOT_CLASS = YES_ERROR;
				CLANG_WARN_QUOTED_INCLUDE_IN_FRAMEWORK_HEADER = YES;
				CLANG_WARN_RANGE_LOOP_ANALYSIS = YES;
				CLANG_WARN_STRICT_PROTOTYPES = YES;
				CLANG_WARN_SUSPICIOUS_MOVE = YES;
				CLANG_WARN_UNGUARDED_AVAILABILITY = YES_AGGRESSIVE;
				CLANG_WARN_UNREACHABLE_CODE = YES;
				CLANG_WARN__DUPLICATE_METHOD_MATCH = YES;
				COPY_PHASE_STRIP = NO;
				DEBUG_INFORMATION_FORMAT = dwarf;
				ENABLE_STRICT_OBJC_MSGSEND = YES;
				ENABLE_TESTABILITY = YES;
				GCC_C_LANGUAGE_STANDARD = gnu11;
				GCC_DYNAMIC_NO_PIC = NO;
				GCC_NO_COMMON_BLOCKS = YES;
				GCC_OPTIMIZATION_LEVEL = 0;
				GCC_PREPROCESSOR_DEFINITIONS = (
					"DEBUG=1",
					"$(inherited)",
				);
				GCC_WARN_64_TO_32_BIT_CONVERSION = YES;
				GCC_WARN_ABOUT_RETURN_TYPE = YES_ERROR;
				GCC_WARN_UNDECLARED_SELECTOR = YES;
				GCC_WARN_UNINITIALIZED_AUTOS = YES_AGGRESSIVE;
				GCC_WARN_UNUSED_FUNCTION = YES;
				GCC_WARN_UNUSED_VARIABLE = YES;
				IPHONEOS_DEPLOYMENT_TARGET = 16.4;
				MTL_ENABLE_DEBUG_INFO = INCLUDE_SOURCE;
				MTL_FAST_MATH = YES;
				ONLY_ACTIVE_ARCH = YES;
				SDKROOT = iphoneos;
				SWIFT_ACTIVE_COMPILATION_CONDITIONS = DEBUG;
				SWIFT_OPTIMIZATION_LEVEL = "-Onone";
			};
			name = Debug;
		};
		3D4CBB3529F843E900E8FCD1 /* Release */ = {
			isa = XCBuildConfiguration;
			buildSettings = {
				ALWAYS_SEARCH_USER_PATHS = NO;
				CLANG_ANALYZER_NONNULL = YES;
				CLANG_ANALYZER_NUMBER_OBJECT_CONVERSION = YES_AGGRESSIVE;
				CLANG_CXX_LANGUAGE_STANDARD = "gnu++20";
				CLANG_ENABLE_MODULES = YES;
				CLANG_ENABLE_OBJC_ARC = YES;
				CLANG_ENABLE_OBJC_WEAK = YES;
				CLANG_WARN_BLOCK_CAPTURE_AUTORELEASING = YES;
				CLANG_WARN_BOOL_CONVERSION = YES;
				CLANG_WARN_COMMA = YES;
				CLANG_WARN_CONSTANT_CONVERSION = YES;
				CLANG_WARN_DEPRECATED_OBJC_IMPLEMENTATIONS = YES;
				CLANG_WARN_DIRECT_OBJC_ISA_USAGE = YES_ERROR;
				CLANG_WARN_DOCUMENTATION_COMMENTS = YES;
				CLANG_WARN_EMPTY_BODY = YES;
				CLANG_WARN_ENUM_CONVERSION = YES;
				CLANG_WARN_INFINITE_RECURSION = YES;
				CLANG_WARN_INT_CONVERSION = YES;
				CLANG_WARN_NON_LITERAL_NULL_CONVERSION = YES;
				CLANG_WARN_OBJC_IMPLICIT_RETAIN_SELF = YES;
				CLANG_WARN_OBJC_LITERAL_CONVERSION = YES;
				CLANG_WARN_OBJC_ROOT_CLASS = YES_ERROR;
				CLANG_WARN_QUOTED_INCLUDE_IN_FRAMEWORK_HEADER = YES;
				CLANG_WARN_RANGE_LOOP_ANALYSIS = YES;
				CLANG_WARN_STRICT_PROTOTYPES = YES;
				CLANG_WARN_SUSPICIOUS_MOVE = YES;
				CLANG_WARN_UNGUARDED_AVAILABILITY = YES_AGGRESSIVE;
				CLANG_WARN_UNREACHABLE_CODE = YES;
				CLANG_WARN__DUPLICATE_METHOD_MATCH = YES;
				COPY_PHASE_STRIP = NO;
				DEBUG_INFORMATION_FORMAT = "dwarf-with-dsym";
				ENABLE_NS_ASSERTIONS = NO;
				ENABLE_STRICT_OBJC_MSGSEND = YES;
				GCC_C_LANGUAGE_STANDARD = gnu11;
				GCC_NO_COMMON_BLOCKS = YES;
				GCC_WARN_64_TO_32_BIT_CONVERSION = YES;
				GCC_WARN_ABOUT_RETURN_TYPE = YES_ERROR;
				GCC_WARN_UNDECLARED_SELECTOR = YES;
				GCC_WARN_UNINITIALIZED_AUTOS = YES_AGGRESSIVE;
				GCC_WARN_UNUSED_FUNCTION = YES;
				GCC_WARN_UNUSED_VARIABLE = YES;
				IPHONEOS_DEPLOYMENT_TARGET = 16.4;
				MTL_ENABLE_DEBUG_INFO = NO;
				MTL_FAST_MATH = YES;
				SDKROOT = iphoneos;
				SWIFT_COMPILATION_MODE = wholemodule;
				SWIFT_OPTIMIZATION_LEVEL = "-O";
				VALIDATE_PRODUCT = YES;
			};
			name = Release;
		};
		3D4CBB3729F843E900E8FCD1 /* Debug */ = {
			isa = XCBuildConfiguration;
			buildSettings = {
				ASSETCATALOG_COMPILER_APPICON_NAME = AppIcon;
				ASSETCATALOG_COMPILER_GLOBAL_ACCENT_COLOR_NAME = AccentColor;
				CODE_SIGN_STYLE = Automatic;
				CURRENT_PROJECT_VERSION = 1;
				DEVELOPMENT_ASSET_PATHS = "\"braindump/Preview Content\"";
				ENABLE_PREVIEWS = YES;
				GENERATE_INFOPLIST_FILE = YES;
				INFOPLIST_KEY_UIApplicationSceneManifest_Generation = YES;
				INFOPLIST_KEY_UIApplicationSupportsIndirectInputEvents = YES;
				INFOPLIST_KEY_UILaunchScreen_Generation = YES;
				INFOPLIST_KEY_UISupportedInterfaceOrientations_iPad = "UIInterfaceOrientationPortrait UIInterfaceOrientationPortraitUpsideDown UIInterfaceOrientationLandscapeLeft UIInterfaceOrientationLandscapeRight";
				INFOPLIST_KEY_UISupportedInterfaceOrientations_iPhone = "UIInterfaceOrientationPortrait UIInterfaceOrientationLandscapeLeft UIInterfaceOrientationLandscapeRight";
				LD_RUNPATH_SEARCH_PATHS = (
					"$(inherited)",
					"@executable_path/Frameworks",
				);
				MARKETING_VERSION = 1.0;
				PRODUCT_BUNDLE_IDENTIFIER = unplugtheinternet.braindump;
				PRODUCT_NAME = "$(TARGET_NAME)";
				SWIFT_EMIT_LOC_STRINGS = YES;
				SWIFT_VERSION = 5.0;
				TARGETED_DEVICE_FAMILY = "1,2";
			};
			name = Debug;
		};
		3D4CBB3829F843E900E8FCD1 /* Release */ = {
			isa = XCBuildConfiguration;
			buildSettings = {
				ASSETCATALOG_COMPILER_APPICON_NAME = AppIcon;
				ASSETCATALOG_COMPILER_GLOBAL_ACCENT_COLOR_NAME = AccentColor;
				CODE_SIGN_STYLE = Automatic;
				CURRENT_PROJECT_VERSION = 1;
				DEVELOPMENT_ASSET_PATHS = "\"braindump/Preview Content\"";
				ENABLE_PREVIEWS = YES;
				GENERATE_INFOPLIST_FILE = YES;
				INFOPLIST_KEY_UIApplicationSceneManifest_Generation = YES;
				INFOPLIST_KEY_UIApplicationSupportsIndirectInputEvents = YES;
				INFOPLIST_KEY_UILaunchScreen_Generation = YES;
				INFOPLIST_KEY_UISupportedInterfaceOrientations_iPad = "UIInterfaceOrientationPortrait UIInterfaceOrientationPortraitUpsideDown UIInterfaceOrientationLandscapeLeft UIInterfaceOrientationLandscapeRight";
				INFOPLIST_KEY_UISupportedInterfaceOrientations_iPhone = "UIInterfaceOrientationPortrait UIInterfaceOrientationLandscapeLeft UIInterfaceOrientationLandscapeRight";
				LD_RUNPATH_SEARCH_PATHS = (
					"$(inherited)",
					"@executable_path/Frameworks",
				);
				MARKETING_VERSION = 1.0;
				PRODUCT_BUNDLE_IDENTIFIER = unplugtheinternet.braindump;
				PRODUCT_NAME = "$(TARGET_NAME)";
				SWIFT_EMIT_LOC_STRINGS = YES;
				SWIFT_VERSION = 5.0;
				TARGETED_DEVICE_FAMILY = "1,2";
			};
			name = Release;
		};
		3D4CBB3A29F843E900E8FCD1 /* Debug */ = {
			isa = XCBuildConfiguration;
			buildSettings = {
				ALWAYS_EMBED_SWIFT_STANDARD_LIBRARIES = YES;
				BUNDLE_LOADER = "$(TEST_HOST)";
				CODE_SIGN_STYLE = Automatic;
				CURRENT_PROJECT_VERSION = 1;
				GENERATE_INFOPLIST_FILE = YES;
				IPHONEOS_DEPLOYMENT_TARGET = 16.4;
				MARKETING_VERSION = 1.0;
				PRODUCT_BUNDLE_IDENTIFIER = unplugtheinternet.braindumpTests;
				PRODUCT_NAME = "$(TARGET_NAME)";
				SWIFT_EMIT_LOC_STRINGS = NO;
				SWIFT_VERSION = 5.0;
				TARGETED_DEVICE_FAMILY = "1,2";
				TEST_HOST = "$(BUILT_PRODUCTS_DIR)/braindump.app/$(BUNDLE_EXECUTABLE_FOLDER_PATH)/braindump";
			};
			name = Debug;
		};
		3D4CBB3B29F843E900E8FCD1 /* Release */ = {
			isa = XCBuildConfiguration;
			buildSettings = {
				ALWAYS_EMBED_SWIFT_STANDARD_LIBRARIES = YES;
				BUNDLE_LOADER = "$(TEST_HOST)";
				CODE_SIGN_STYLE = Automatic;
				CURRENT_PROJECT_VERSION = 1;
				GENERATE_INFOPLIST_FILE = YES;
				IPHONEOS_DEPLOYMENT_TARGET = 16.4;
				MARKETING_VERSION = 1.0;
				PRODUCT_BUNDLE_IDENTIFIER = unplugtheinternet.braindumpTests;
				PRODUCT_NAME = "$(TARGET_NAME)";
				SWIFT_EMIT_LOC_STRINGS = NO;
				SWIFT_VERSION = 5.0;
				TARGETED_DEVICE_FAMILY = "1,2";
				TEST_HOST = "$(BUILT_PRODUCTS_DIR)/braindump.app/$(BUNDLE_EXECUTABLE_FOLDER_PATH)/braindump";
			};
			name = Release;
		};
		3D4CBB3D29F843E900E8FCD1 /* Debug */ = {
			isa = XCBuildConfiguration;
			buildSettings = {
				ALWAYS_EMBED_SWIFT_STANDARD_LIBRARIES = YES;
				CODE_SIGN_STYLE = Automatic;
				CURRENT_PROJECT_VERSION = 1;
				GENERATE_INFOPLIST_FILE = YES;
				MARKETING_VERSION = 1.0;
				PRODUCT_BUNDLE_IDENTIFIER = unplugtheinternet.braindumpUITests;
				PRODUCT_NAME = "$(TARGET_NAME)";
				SWIFT_EMIT_LOC_STRINGS = NO;
				SWIFT_VERSION = 5.0;
				TARGETED_DEVICE_FAMILY = "1,2";
				TEST_TARGET_NAME = braindump;
			};
			name = Debug;
		};
		3D4CBB3E29F843E900E8FCD1 /* Release */ = {
			isa = XCBuildConfiguration;
			buildSettings = {
				ALWAYS_EMBED_SWIFT_STANDARD_LIBRARIES = YES;
				CODE_SIGN_STYLE = Automatic;
				CURRENT_PROJECT_VERSION = 1;
				GENERATE_INFOPLIST_FILE = YES;
				MARKETING_VERSION = 1.0;
				PRODUCT_BUNDLE_IDENTIFIER = unplugtheinternet.braindumpUITests;
				PRODUCT_NAME = "$(TARGET_NAME)";
				SWIFT_EMIT_LOC_STRINGS = NO;
				SWIFT_VERSION = 5.0;
				TARGETED_DEVICE_FAMILY = "1,2";
				TEST_TARGET_NAME = braindump;
			};
			name = Release;
		};
/* End XCBuildConfiguration section */

/* Begin XCConfigurationList section */
		3D4CBB0729F843E800E8FCD1 /* Build configuration list for PBXProject "braindump" */ = {
			isa = XCConfigurationList;
			buildConfigurations = (
				3D4CBB3429F843E900E8FCD1 /* Debug */,
				3D4CBB3529F843E900E8FCD1 /* Release */,
			);
			defaultConfigurationIsVisible = 0;
			defaultConfigurationName = Release;
		};
		3D4CBB3629F843E900E8FCD1 /* Build configuration list for PBXNativeTarget "braindump" */ = {
			isa = XCConfigurationList;
			buildConfigurations = (
				3D4CBB3729F843E900E8FCD1 /* Debug */,
				3D4CBB3829F843E900E8FCD1 /* Release */,
			);
			defaultConfigurationIsVisible = 0;
			defaultConfigurationName = Release;
		};
		3D4CBB3929F843E900E8FCD1 /* Build configuration list for PBXNativeTarget "braindumpTests" */ = {
			isa = XCConfigurationList;
			buildConfigurations = (
				3D4CBB3A29F843E900E8FCD1 /* Debug */,
				3D4CBB3B29F843E900E8FCD1 /* Release */,
			);
			defaultConfigurationIsVisible = 0;
			defaultConfigurationName = Release;
		};
		3D4CBB3C29F843E900E8FCD1 /* Build configuration list for PBXNativeTarget "braindumpUITests" */ = {
			isa = XCConfigurationList;
			buildConfigurations = (
				3D4CBB3D29F843E900E8FCD1 /* Debug */,
				3D4CBB3E29F843E900E8FCD1 /* Release */,
			);
			defaultConfigurationIsVisible = 0;
			defaultConfigurationName = Release;
		};
/* End XCConfigurationList section */

/* Begin XCVersionGroup section */
		3D4CBB1A29F843E900E8FCD1 /* braindump.xcdatamodeld */ = {
			isa = XCVersionGroup;
			children = (
				3D4CBB1B29F843E900E8FCD1 /* braindump.xcdatamodel */,
			);
			currentVersion = 3D4CBB1B29F843E900E8FCD1 /* braindump.xcdatamodel */;
			path = braindump.xcdatamodeld;
			sourceTree = "<group>";
			versionGroupType = wrapper.xcdatamodel;
		};
/* End XCVersionGroup section */
	};
	rootObject = 3D4CBB0429F843E800E8FCD1 /* Project object */;
}
